
Microsoft Visual Studio Solution File, Format Version 12.00
# Visual Studio Version 17
VisualStudioVersion = 17.3.32901.215
MinimumVisualStudioVersion = 10.0.40219.1
Project("{FAE04EC0-301F-11D3-BF4B-00C04F79EFBC}") = "Contact List", "Contact List\Contact List.csproj", "{397102CD-4936-45A5-BB3B-7D924C084C4D}"
EndProject
Global
	GlobalSection(SolutionConfigurationPlatforms) = preSolution
		Debug|Any CPU = Debug|Any CPU
		Release|Any CPU = Release|Any CPU
	EndGlobalSection
	GlobalSection(ProjectConfigurationPlatforms) = postSolution
		{397102CD-4936-45A5-BB3B-7D924C084C4D}.Debug|Any CPU.ActiveCfg = Debug|Any CPU
		{397102CD-4936-45A5-BB3B-7D924C084C4D}.Debug|Any CPU.Build.0 = Debug|Any CPU
		{397102CD-4936-45A5-BB3B-7D924C084C4D}.Release|Any CPU.ActiveCfg = Release|Any CPU
		{397102CD-4936-45A5-BB3B-7D924C084C4D}.Release|Any CPU.Build.0 = Release|Any CPU
	EndGlobalSection
	GlobalSection(SolutionProperties) = preSolution
		HideSolutionNode = FALSE
	EndGlobalSection
	GlobalSection(ExtensibilityGlobals) = postSolution
		SolutionGuid = {0D9F34AF-D9E4-46A6-881D-19508A264DCF}
	EndGlobalSection
EndGlobal
